
Microsoft Visual Studio Solution File, Format Version 12.00
# Visual Studio Version 16
VisualStudioVersion = 16.0.29519.181
MinimumVisualStudioVersion = 10.0.40219.1
Project("{FAE04EC0-301F-11D3-BF4B-00C04F79EFBC}") = "Console", "Console\Console.csproj", "{DA27E359-1340-45B3-BC74-638EB0CFB4FE}"
EndProject
Project("{FAE04EC0-301F-11D3-BF4B-00C04F79EFBC}") = "SimpleMemoryCache", "SimpleMemoryCache\SimpleMemoryCache.csproj", "{A44839B4-9816-4FF8-93E6-267A18C02E41}"
EndProject
Global
	GlobalSection(SolutionConfigurationPlatforms) = preSolution
		Debug|Any CPU = Debug|Any CPU
		Release|Any CPU = Release|Any CPU
	EndGlobalSection
	GlobalSection(ProjectConfigurationPlatforms) = postSolution
		{DA27E359-1340-45B3-BC74-638EB0CFB4FE}.Debug|Any CPU.ActiveCfg = Debug|Any CPU
		{DA27E359-1340-45B3-BC74-638EB0CFB4FE}.Debug|Any CPU.Build.0 = Debug|Any CPU
		{DA27E359-1340-45B3-BC74-638EB0CFB4FE}.Release|Any CPU.ActiveCfg = Release|Any CPU
		{DA27E359-1340-45B3-BC74-638EB0CFB4FE}.Release|Any CPU.Build.0 = Release|Any CPU
		{A44839B4-9816-4FF8-93E6-267A18C02E41}.Debug|Any CPU.ActiveCfg = Debug|Any CPU
		{A44839B4-9816-4FF8-93E6-267A18C02E41}.Debug|Any CPU.Build.0 = Debug|Any CPU
		{A44839B4-9816-4FF8-93E6-267A18C02E41}.Release|Any CPU.ActiveCfg = Release|Any CPU
		{A44839B4-9816-4FF8-93E6-267A18C02E41}.Release|Any CPU.Build.0 = Release|Any CPU
	EndGlobalSection
	GlobalSection(SolutionProperties) = preSolution
		HideSolutionNode = FALSE
	EndGlobalSection
	GlobalSection(ExtensibilityGlobals) = postSolution
		SolutionGuid = {E7838FB6-B025-4475-BCD1-59948672CC14}
	EndGlobalSection
EndGlobal
